
Microsoft Visual Studio Solution File, Format Version 12.00
# Visual Studio Version 17
VisualStudioVersion = 17.9.34616.47
MinimumVisualStudioVersion = 10.0.40219.1
Project("{FAE04EC0-301F-11D3-BF4B-00C04F79EFBC}") = "0510Project", "0510Project\0510Project.csproj", "{8B78A1BA-D557-4040-99F7-365F39E30706}"
	ProjectSection(ProjectDependencies) = postProject
		{B9294295-9961-4286-B197-F2F48E0A4247} = {B9294295-9961-4286-B197-F2F48E0A4247}
	EndProjectSection
EndProject
Project("{FAE04EC0-301F-11D3-BF4B-00C04F79EFBC}") = "Logica", "Logica\Logica.csproj", "{B9294295-9961-4286-B197-F2F48E0A4247}"
EndProject
Global
	GlobalSection(SolutionConfigurationPlatforms) = preSolution
		Debug|Any CPU = Debug|Any CPU
		Release|Any CPU = Release|Any CPU
	EndGlobalSection
	GlobalSection(ProjectConfigurationPlatforms) = postSolution
		{8B78A1BA-D557-4040-99F7-365F39E30706}.Debug|Any CPU.ActiveCfg = Debug|Any CPU
		{8B78A1BA-D557-4040-99F7-365F39E30706}.Debug|Any CPU.Build.0 = Debug|Any CPU
		{8B78A1BA-D557-4040-99F7-365F39E30706}.Release|Any CPU.ActiveCfg = Release|Any CPU
		{8B78A1BA-D557-4040-99F7-365F39E30706}.Release|Any CPU.Build.0 = Release|Any CPU
		{B9294295-9961-4286-B197-F2F48E0A4247}.Debug|Any CPU.ActiveCfg = Debug|Any CPU
		{B9294295-9961-4286-B197-F2F48E0A4247}.Debug|Any CPU.Build.0 = Debug|Any CPU
		{B9294295-9961-4286-B197-F2F48E0A4247}.Release|Any CPU.ActiveCfg = Release|Any CPU
		{B9294295-9961-4286-B197-F2F48E0A4247}.Release|Any CPU.Build.0 = Release|Any CPU
	EndGlobalSection
	GlobalSection(SolutionProperties) = preSolution
		HideSolutionNode = FALSE
	EndGlobalSection
	GlobalSection(ExtensibilityGlobals) = postSolution
		SolutionGuid = {338CF9BB-1010-4ADC-B5BB-B6DFF2E4EB2F}
	EndGlobalSection
EndGlobal
